// !$*UTF8*$!
{
	archiveVersion = 1;
	classes = {
	};
	objectVersion = 46;
	objects = {

/* Begin PBXBuildFile section */
		9EDD48FC17F321410078F2D1 /* Foundation.framework in Frameworks */ = {isa = PBXBuildFile; fileRef = 9EDD48FB17F321410078F2D1 /* Foundation.framework */; };
		9EDD48FE17F321410078F2D1 /* CoreGraphics.framework in Frameworks */ = {isa = PBXBuildFile; fileRef = 9EDD48FD17F321410078F2D1 /* CoreGraphics.framework */; };
		9EDD490017F321410078F2D1 /* UIKit.framework in Frameworks */ = {isa = PBXBuildFile; fileRef = 9EDD48FF17F321410078F2D1 /* UIKit.framework */; };
		9EDD490617F321410078F2D1 /* InfoPlist.strings in Resources */ = {isa = PBXBuildFile; fileRef = 9EDD490417F321410078F2D1 /* InfoPlist.strings */; };
		9EDD490817F321410078F2D1 /* main.m in Sources */ = {isa = PBXBuildFile; fileRef = 9EDD490717F321410078F2D1 /* main.m */; };
		9EDD490C17F321410078F2D1 /* PFAppDelegate.m in Sources */ = {isa = PBXBuildFile; fileRef = 9EDD490B17F321410078F2D1 /* PFAppDelegate.m */; };
		9EDD490F17F321410078F2D1 /* Main.storyboard in Resources */ = {isa = PBXBuildFile; fileRef = 9EDD490D17F321410078F2D1 /* Main.storyboard */; };
		9EDD491217F321410078F2D1 /* PFViewController.m in Sources */ = {isa = PBXBuildFile; fileRef = 9EDD491117F321410078F2D1 /* PFViewController.m */; };
		9EDD491417F321410078F2D1 /* Images.xcassets in Resources */ = {isa = PBXBuildFile; fileRef = 9EDD491317F321410078F2D1 /* Images.xcassets */; };
		9EDD491B17F321410078F2D1 /* XCTest.framework in Frameworks */ = {isa = PBXBuildFile; fileRef = 9EDD491A17F321410078F2D1 /* XCTest.framework */; };
		9EDD491C17F321410078F2D1 /* Foundation.framework in Frameworks */ = {isa = PBXBuildFile; fileRef = 9EDD48FB17F321410078F2D1 /* Foundation.framework */; };
		9EDD491D17F321410078F2D1 /* UIKit.framework in Frameworks */ = {isa = PBXBuildFile; fileRef = 9EDD48FF17F321410078F2D1 /* UIKit.framework */; };
		9EDD492517F321410078F2D1 /* InfoPlist.strings in Resources */ = {isa = PBXBuildFile; fileRef = 9EDD492317F321410078F2D1 /* InfoPlist.strings */; };
		9EDD492717F321410078F2D1 /* FlickrStreamTests.m in Sources */ = {isa = PBXBuildFile; fileRef = 9EDD492617F321410078F2D1 /* FlickrStreamTests.m */; };
		9EDD493417F324910078F2D1 /* PFFlickrPhotoModel.m in Sources */ = {isa = PBXBuildFile; fileRef = 9EDD493317F324910078F2D1 /* PFFlickrPhotoModel.m */; };
		9EDD493617F327C50078F2D1 /* flickr-response.json in Resources */ = {isa = PBXBuildFile; fileRef = 9EDD493517F327C50078F2D1 /* flickr-response.json */; };
		9EDD493917F32BEB0078F2D1 /* PFFlickrNetworkCommunicator.m in Sources */ = {isa = PBXBuildFile; fileRef = 9EDD493817F32BEB0078F2D1 /* PFFlickrNetworkCommunicator.m */; };
		9EDD493C17F3374F0078F2D1 /* PFFlickrPhoto.m in Sources */ = {isa = PBXBuildFile; fileRef = 9EDD493B17F3374F0078F2D1 /* PFFlickrPhoto.m */; };
/* End PBXBuildFile section */

/* Begin PBXContainerItemProxy section */
		9EDD491E17F321410078F2D1 /* PBXContainerItemProxy */ = {
			isa = PBXContainerItemProxy;
			containerPortal = 9EDD48F017F321410078F2D1 /* Project object */;
			proxyType = 1;
			remoteGlobalIDString = 9EDD48F717F321410078F2D1;
			remoteInfo = FlickrStream;
		};
/* End PBXContainerItemProxy section */

/* Begin PBXFileReference section */
		9EDD48F817F321410078F2D1 /* FlickrStream.app */ = {isa = PBXFileReference; explicitFileType = wrapper.application; includeInIndex = 0; path = FlickrStream.app; sourceTree = BUILT_PRODUCTS_DIR; };
		9EDD48FB17F321410078F2D1 /* Foundation.framework */ = {isa = PBXFileReference; lastKnownFileType = wrapper.framework; name = Foundation.framework; path = System/Library/Frameworks/Foundation.framework; sourceTree = SDKROOT; };
		9EDD48FD17F321410078F2D1 /* CoreGraphics.framework */ = {isa = PBXFileReference; lastKnownFileType = wrapper.framework; name = CoreGraphics.framework; path = System/Library/Frameworks/CoreGraphics.framework; sourceTree = SDKROOT; };
		9EDD48FF17F321410078F2D1 /* UIKit.framework */ = {isa = PBXFileReference; lastKnownFileType = wrapper.framework; name = UIKit.framework; path = System/Library/Frameworks/UIKit.framework; sourceTree = SDKROOT; };
		9EDD490317F321410078F2D1 /* FlickrStream-Info.plist */ = {isa = PBXFileReference; lastKnownFileType = text.plist.xml; path = "FlickrStream-Info.plist"; sourceTree = "<group>"; };
		9EDD490517F321410078F2D1 /* en */ = {isa = PBXFileReference; lastKnownFileType = text.plist.strings; name = en; path = en.lproj/InfoPlist.strings; sourceTree = "<group>"; };
		9EDD490717F321410078F2D1 /* main.m */ = {isa = PBXFileReference; lastKnownFileType = sourcecode.c.objc; path = main.m; sourceTree = "<group>"; };
		9EDD490917F321410078F2D1 /* FlickrStream-Prefix.pch */ = {isa = PBXFileReference; lastKnownFileType = sourcecode.c.h; path = "FlickrStream-Prefix.pch"; sourceTree = "<group>"; };
		9EDD490A17F321410078F2D1 /* PFAppDelegate.h */ = {isa = PBXFileReference; lastKnownFileType = sourcecode.c.h; path = PFAppDelegate.h; sourceTree = "<group>"; };
		9EDD490B17F321410078F2D1 /* PFAppDelegate.m */ = {isa = PBXFileReference; lastKnownFileType = sourcecode.c.objc; path = PFAppDelegate.m; sourceTree = "<group>"; };
		9EDD490E17F321410078F2D1 /* Base */ = {isa = PBXFileReference; lastKnownFileType = file.storyboard; name = Base; path = Base.lproj/Main.storyboard; sourceTree = "<group>"; };
		9EDD491017F321410078F2D1 /* PFViewController.h */ = {isa = PBXFileReference; lastKnownFileType = sourcecode.c.h; path = PFViewController.h; sourceTree = "<group>"; };
		9EDD491117F321410078F2D1 /* PFViewController.m */ = {isa = PBXFileReference; lastKnownFileType = sourcecode.c.objc; path = PFViewController.m; sourceTree = "<group>"; };
		9EDD491317F321410078F2D1 /* Images.xcassets */ = {isa = PBXFileReference; lastKnownFileType = folder.assetcatalog; path = Images.xcassets; sourceTree = "<group>"; };
		9EDD491917F321410078F2D1 /* FlickrStreamTests.xctest */ = {isa = PBXFileReference; explicitFileType = wrapper.cfbundle; includeInIndex = 0; path = FlickrStreamTests.xctest; sourceTree = BUILT_PRODUCTS_DIR; };
		9EDD491A17F321410078F2D1 /* XCTest.framework */ = {isa = PBXFileReference; lastKnownFileType = wrapper.framework; name = XCTest.framework; path = Library/Frameworks/XCTest.framework; sourceTree = DEVELOPER_DIR; };
		9EDD492217F321410078F2D1 /* FlickrStreamTests-Info.plist */ = {isa = PBXFileReference; lastKnownFileType = text.plist.xml; path = "FlickrStreamTests-Info.plist"; sourceTree = "<group>"; };
		9EDD492417F321410078F2D1 /* en */ = {isa = PBXFileReference; lastKnownFileType = text.plist.strings; name = en; path = en.lproj/InfoPlist.strings; sourceTree = "<group>"; };
		9EDD492617F321410078F2D1 /* FlickrStreamTests.m */ = {isa = PBXFileReference; lastKnownFileType = sourcecode.c.objc; path = FlickrStreamTests.m; sourceTree = "<group>"; };
		9EDD493217F324910078F2D1 /* PFFlickrPhotoModel.h */ = {isa = PBXFileReference; fileEncoding = 4; lastKnownFileType = sourcecode.c.h; path = PFFlickrPhotoModel.h; sourceTree = "<group>"; };
		9EDD493317F324910078F2D1 /* PFFlickrPhotoModel.m */ = {isa = PBXFileReference; fileEncoding = 4; lastKnownFileType = sourcecode.c.objc; path = PFFlickrPhotoModel.m; sourceTree = "<group>"; };
		9EDD493517F327C50078F2D1 /* flickr-response.json */ = {isa = PBXFileReference; fileEncoding = 4; lastKnownFileType = text.json; path = "flickr-response.json"; sourceTree = "<group>"; };
		9EDD493717F32BEB0078F2D1 /* PFFlickrNetworkCommunicator.h */ = {isa = PBXFileReference; fileEncoding = 4; lastKnownFileType = sourcecode.c.h; path = PFFlickrNetworkCommunicator.h; sourceTree = "<group>"; };
		9EDD493817F32BEB0078F2D1 /* PFFlickrNetworkCommunicator.m */ = {isa = PBXFileReference; fileEncoding = 4; lastKnownFileType = sourcecode.c.objc; path = PFFlickrNetworkCommunicator.m; sourceTree = "<group>"; };
		9EDD493A17F3374F0078F2D1 /* PFFlickrPhoto.h */ = {isa = PBXFileReference; fileEncoding = 4; lastKnownFileType = sourcecode.c.h; path = PFFlickrPhoto.h; sourceTree = "<group>"; };
		9EDD493B17F3374F0078F2D1 /* PFFlickrPhoto.m */ = {isa = PBXFileReference; fileEncoding = 4; lastKnownFileType = sourcecode.c.objc; path = PFFlickrPhoto.m; sourceTree = "<group>"; };
/* End PBXFileReference section */

/* Begin PBXFrameworksBuildPhase section */
		9EDD48F517F321410078F2D1 /* Frameworks */ = {
			isa = PBXFrameworksBuildPhase;
			buildActionMask = 2147483647;
			files = (
				9EDD48FE17F321410078F2D1 /* CoreGraphics.framework in Frameworks */,
				9EDD490017F321410078F2D1 /* UIKit.framework in Frameworks */,
				9EDD48FC17F321410078F2D1 /* Foundation.framework in Frameworks */,
			);
			runOnlyForDeploymentPostprocessing = 0;
		};
		9EDD491617F321410078F2D1 /* Frameworks */ = {
			isa = PBXFrameworksBuildPhase;
			buildActionMask = 2147483647;
			files = (
				9EDD491B17F321410078F2D1 /* XCTest.framework in Frameworks */,
				9EDD491D17F321410078F2D1 /* UIKit.framework in Frameworks */,
				9EDD491C17F321410078F2D1 /* Foundation.framework in Frameworks */,
			);
			runOnlyForDeploymentPostprocessing = 0;
		};
/* End PBXFrameworksBuildPhase section */

/* Begin PBXGroup section */
		9EDD48EF17F321410078F2D1 = {
			isa = PBXGroup;
			children = (
				9EDD490117F321410078F2D1 /* FlickrStream */,
				9EDD492017F321410078F2D1 /* FlickrStreamTests */,
				9EDD48FA17F321410078F2D1 /* Frameworks */,
				9EDD48F917F321410078F2D1 /* Products */,
			);
			sourceTree = "<group>";
		};
		9EDD48F917F321410078F2D1 /* Products */ = {
			isa = PBXGroup;
			children = (
				9EDD48F817F321410078F2D1 /* FlickrStream.app */,
				9EDD491917F321410078F2D1 /* FlickrStreamTests.xctest */,
			);
			name = Products;
			sourceTree = "<group>";
		};
		9EDD48FA17F321410078F2D1 /* Frameworks */ = {
			isa = PBXGroup;
			children = (
				9EDD48FB17F321410078F2D1 /* Foundation.framework */,
				9EDD48FD17F321410078F2D1 /* CoreGraphics.framework */,
				9EDD48FF17F321410078F2D1 /* UIKit.framework */,
				9EDD491A17F321410078F2D1 /* XCTest.framework */,
			);
			name = Frameworks;
			sourceTree = "<group>";
		};
		9EDD490117F321410078F2D1 /* FlickrStream */ = {
			isa = PBXGroup;
			children = (
				9EDD490A17F321410078F2D1 /* PFAppDelegate.h */,
				9EDD490B17F321410078F2D1 /* PFAppDelegate.m */,
				9EDD490D17F321410078F2D1 /* Main.storyboard */,
				9EDD491017F321410078F2D1 /* PFViewController.h */,
				9EDD491117F321410078F2D1 /* PFViewController.m */,
				9EDD493717F32BEB0078F2D1 /* PFFlickrNetworkCommunicator.h */,
				9EDD493817F32BEB0078F2D1 /* PFFlickrNetworkCommunicator.m */,
				9EDD493A17F3374F0078F2D1 /* PFFlickrPhoto.h */,
				9EDD493B17F3374F0078F2D1 /* PFFlickrPhoto.m */,
				9EDD493217F324910078F2D1 /* PFFlickrPhotoModel.h */,
				9EDD493317F324910078F2D1 /* PFFlickrPhotoModel.m */,
				9EDD491317F321410078F2D1 /* Images.xcassets */,
				9EDD490217F321410078F2D1 /* Supporting Files */,
			);
			path = FlickrStream;
			sourceTree = "<group>";
		};
		9EDD490217F321410078F2D1 /* Supporting Files */ = {
			isa = PBXGroup;
			children = (
				9EDD493517F327C50078F2D1 /* flickr-response.json */,
				9EDD490317F321410078F2D1 /* FlickrStream-Info.plist */,
				9EDD490417F321410078F2D1 /* InfoPlist.strings */,
				9EDD490717F321410078F2D1 /* main.m */,
				9EDD490917F321410078F2D1 /* FlickrStream-Prefix.pch */,
			);
			name = "Supporting Files";
			sourceTree = "<group>";
		};
		9EDD492017F321410078F2D1 /* FlickrStreamTests */ = {
			isa = PBXGroup;
			children = (
				9EDD492617F321410078F2D1 /* FlickrStreamTests.m */,
				9EDD492117F321410078F2D1 /* Supporting Files */,
			);
			path = FlickrStreamTests;
			sourceTree = "<group>";
		};
		9EDD492117F321410078F2D1 /* Supporting Files */ = {
			isa = PBXGroup;
			children = (
				9EDD492217F321410078F2D1 /* FlickrStreamTests-Info.plist */,
				9EDD492317F321410078F2D1 /* InfoPlist.strings */,
			);
			name = "Supporting Files";
			sourceTree = "<group>";
		};
/* End PBXGroup section */

/* Begin PBXNativeTarget section */
		9EDD48F717F321410078F2D1 /* FlickrStream */ = {
			isa = PBXNativeTarget;
			buildConfigurationList = 9EDD492A17F321410078F2D1 /* Build configuration list for PBXNativeTarget "FlickrStream" */;
			buildPhases = (
				9EDD48F417F321410078F2D1 /* Sources */,
				9EDD48F517F321410078F2D1 /* Frameworks */,
				9EDD48F617F321410078F2D1 /* Resources */,
			);
			buildRules = (
			);
			dependencies = (
			);
			name = FlickrStream;
			productName = FlickrStream;
			productReference = 9EDD48F817F321410078F2D1 /* FlickrStream.app */;
			productType = "com.apple.product-type.application";
		};
		9EDD491817F321410078F2D1 /* FlickrStreamTests */ = {
			isa = PBXNativeTarget;
			buildConfigurationList = 9EDD492D17F321410078F2D1 /* Build configuration list for PBXNativeTarget "FlickrStreamTests" */;
			buildPhases = (
				9EDD491517F321410078F2D1 /* Sources */,
				9EDD491617F321410078F2D1 /* Frameworks */,
				9EDD491717F321410078F2D1 /* Resources */,
			);
			buildRules = (
			);
			dependencies = (
				9EDD491F17F321410078F2D1 /* PBXTargetDependency */,
			);
			name = FlickrStreamTests;
			productName = FlickrStreamTests;
			productReference = 9EDD491917F321410078F2D1 /* FlickrStreamTests.xctest */;
			productType = "com.apple.product-type.bundle.unit-test";
		};
/* End PBXNativeTarget section */

/* Begin PBXProject section */
		9EDD48F017F321410078F2D1 /* Project object */ = {
			isa = PBXProject;
			attributes = {
				CLASSPREFIX = PF;
				LastUpgradeCheck = 0500;
				ORGANIZATIONNAME = "Peter Foti";
				TargetAttributes = {
					9EDD491817F321410078F2D1 = {
						TestTargetID = 9EDD48F717F321410078F2D1;
					};
				};
			};
			buildConfigurationList = 9EDD48F317F321410078F2D1 /* Build configuration list for PBXProject "FlickrStream" */;
			compatibilityVersion = "Xcode 3.2";
			developmentRegion = English;
			hasScannedForEncodings = 0;
			knownRegions = (
				en,
				Base,
			);
			mainGroup = 9EDD48EF17F321410078F2D1;
			productRefGroup = 9EDD48F917F321410078F2D1 /* Products */;
			projectDirPath = "";
			projectRoot = "";
			targets = (
				9EDD48F717F321410078F2D1 /* FlickrStream */,
				9EDD491817F321410078F2D1 /* FlickrStreamTests */,
			);
		};
/* End PBXProject section */

/* Begin PBXResourcesBuildPhase section */
		9EDD48F617F321410078F2D1 /* Resources */ = {
			isa = PBXResourcesBuildPhase;
			buildActionMask = 2147483647;
			files = (
				9EDD491417F321410078F2D1 /* Images.xcassets in Resources */,
				9EDD490617F321410078F2D1 /* InfoPlist.strings in Resources */,
				9EDD490F17F321410078F2D1 /* Main.storyboard in Resources */,
				9EDD493617F327C50078F2D1 /* flickr-response.json in Resources */,
			);
			runOnlyForDeploymentPostprocessing = 0;
		};
		9EDD491717F321410078F2D1 /* Resources */ = {
			isa = PBXResourcesBuildPhase;
			buildActionMask = 2147483647;
			files = (
				9EDD492517F321410078F2D1 /* InfoPlist.strings in Resources */,
			);
			runOnlyForDeploymentPostprocessing = 0;
		};
/* End PBXResourcesBuildPhase section */

/* Begin PBXSourcesBuildPhase section */
		9EDD48F417F321410078F2D1 /* Sources */ = {
			isa = PBXSourcesBuildPhase;
			buildActionMask = 2147483647;
			files = (
				9EDD490C17F321410078F2D1 /* PFAppDelegate.m in Sources */,
				9EDD491217F321410078F2D1 /* PFViewController.m in Sources */,
				9EDD490817F321410078F2D1 /* main.m in Sources */,
				9EDD493917F32BEB0078F2D1 /* PFFlickrNetworkCommunicator.m in Sources */,
				9EDD493417F324910078F2D1 /* PFFlickrPhotoModel.m in Sources */,
				9EDD493C17F3374F0078F2D1 /* PFFlickrPhoto.m in Sources */,
			);
			runOnlyForDeploymentPostprocessing = 0;
		};
		9EDD491517F321410078F2D1 /* Sources */ = {
			isa = PBXSourcesBuildPhase;
			buildActionMask = 2147483647;
			files = (
				9EDD492717F321410078F2D1 /* FlickrStreamTests.m in Sources */,
			);
			runOnlyForDeploymentPostprocessing = 0;
		};
/* End PBXSourcesBuildPhase section */

/* Begin PBXTargetDependency section */
		9EDD491F17F321410078F2D1 /* PBXTargetDependency */ = {
			isa = PBXTargetDependency;
			target = 9EDD48F717F321410078F2D1 /* FlickrStream */;
			targetProxy = 9EDD491E17F321410078F2D1 /* PBXContainerItemProxy */;
		};
/* End PBXTargetDependency section */

/* Begin PBXVariantGroup section */
		9EDD490417F321410078F2D1 /* InfoPlist.strings */ = {
			isa = PBXVariantGroup;
			children = (
				9EDD490517F321410078F2D1 /* en */,
			);
			name = InfoPlist.strings;
			sourceTree = "<group>";
		};
		9EDD490D17F321410078F2D1 /* Main.storyboard */ = {
			isa = PBXVariantGroup;
			children = (
				9EDD490E17F321410078F2D1 /* Base */,
			);
			name = Main.storyboard;
			sourceTree = "<group>";
		};
		9EDD492317F321410078F2D1 /* InfoPlist.strings */ = {
			isa = PBXVariantGroup;
			children = (
				9EDD492417F321410078F2D1 /* en */,
			);
			name = InfoPlist.strings;
			sourceTree = "<group>";
		};
/* End PBXVariantGroup section */

/* Begin XCBuildConfiguration section */
		9EDD492817F321410078F2D1 /* Debug */ = {
			isa = XCBuildConfiguration;
			buildSettings = {
				ALWAYS_SEARCH_USER_PATHS = NO;
				ARCHS = "$(ARCHS_STANDARD_INCLUDING_64_BIT)";
				CLANG_CXX_LANGUAGE_STANDARD = "gnu++0x";
				CLANG_CXX_LIBRARY = "libc++";
				CLANG_ENABLE_MODULES = YES;
				CLANG_ENABLE_OBJC_ARC = YES;
				CLANG_WARN_BOOL_CONVERSION = YES;
				CLANG_WARN_CONSTANT_CONVERSION = YES;
				CLANG_WARN_DIRECT_OBJC_ISA_USAGE = YES_ERROR;
				CLANG_WARN_EMPTY_BODY = YES;
				CLANG_WARN_ENUM_CONVERSION = YES;
				CLANG_WARN_INT_CONVERSION = YES;
				CLANG_WARN_OBJC_ROOT_CLASS = YES_ERROR;
				CLANG_WARN__DUPLICATE_METHOD_MATCH = YES;
				"CODE_SIGN_IDENTITY[sdk=iphoneos*]" = "iPhone Developer";
				COPY_PHASE_STRIP = NO;
				GCC_C_LANGUAGE_STANDARD = gnu99;
				GCC_DYNAMIC_NO_PIC = NO;
				GCC_OPTIMIZATION_LEVEL = 0;
				GCC_PREPROCESSOR_DEFINITIONS = (
					"DEBUG=1",
					"$(inherited)",
				);
				GCC_SYMBOLS_PRIVATE_EXTERN = NO;
				GCC_WARN_64_TO_32_BIT_CONVERSION = YES;
				GCC_WARN_ABOUT_RETURN_TYPE = YES_ERROR;
				GCC_WARN_UNDECLARED_SELECTOR = YES;
				GCC_WARN_UNINITIALIZED_AUTOS = YES;
				GCC_WARN_UNUSED_FUNCTION = YES;
				GCC_WARN_UNUSED_VARIABLE = YES;
				IPHONEOS_DEPLOYMENT_TARGET = 7.0;
				ONLY_ACTIVE_ARCH = YES;
				SDKROOT = iphoneos;
			};
			name = Debug;
		};
		9EDD492917F321410078F2D1 /* Release */ = {
			isa = XCBuildConfiguration;
			buildSettings = {
				ALWAYS_SEARCH_USER_PATHS = NO;
				ARCHS = "$(ARCHS_STANDARD_INCLUDING_64_BIT)";
				CLANG_CXX_LANGUAGE_STANDARD = "gnu++0x";
				CLANG_CXX_LIBRARY = "libc++";
				CLANG_ENABLE_MODULES = YES;
				CLANG_ENABLE_OBJC_ARC = YES;
				CLANG_WARN_BOOL_CONVERSION = YES;
				CLANG_WARN_CONSTANT_CONVERSION = YES;
				CLANG_WARN_DIRECT_OBJC_ISA_USAGE = YES_ERROR;
				CLANG_WARN_EMPTY_BODY = YES;
				CLANG_WARN_ENUM_CONVERSION = YES;
				CLANG_WARN_INT_CONVERSION = YES;
				CLANG_WARN_OBJC_ROOT_CLASS = YES_ERROR;
				CLANG_WARN__DUPLICATE_METHOD_MATCH = YES;
				"CODE_SIGN_IDENTITY[sdk=iphoneos*]" = "iPhone Developer";
				COPY_PHASE_STRIP = YES;
				ENABLE_NS_ASSERTIONS = NO;
				GCC_C_LANGUAGE_STANDARD = gnu99;
				GCC_WARN_64_TO_32_BIT_CONVERSION = YES;
				GCC_WARN_ABOUT_RETURN_TYPE = YES_ERROR;
				GCC_WARN_UNDECLARED_SELECTOR = YES;
				GCC_WARN_UNINITIALIZED_AUTOS = YES;
				GCC_WARN_UNUSED_FUNCTION = YES;
				GCC_WARN_UNUSED_VARIABLE = YES;
				IPHONEOS_DEPLOYMENT_TARGET = 7.0;
				SDKROOT = iphoneos;
				VALIDATE_PRODUCT = YES;
			};
			name = Release;
		};
		9EDD492B17F321410078F2D1 /* Debug */ = {
			isa = XCBuildConfiguration;
			buildSettings = {
				ASSETCATALOG_COMPILER_APPICON_NAME = AppIcon;
				ASSETCATALOG_COMPILER_LAUNCHIMAGE_NAME = LaunchImage;
				GCC_PRECOMPILE_PREFIX_HEADER = YES;
				GCC_PREFIX_HEADER = "FlickrStream/FlickrStream-Prefix.pch";
				INFOPLIST_FILE = "FlickrStream/FlickrStream-Info.plist";
				PRODUCT_NAME = "$(TARGET_NAME)";
				WRAPPER_EXTENSION = app;
			};
			name = Debug;
		};
		9EDD492C17F321410078F2D1 /* Release */ = {
			isa = XCBuildConfiguration;
			buildSettings = {
				ASSETCATALOG_COMPILER_APPICON_NAME = AppIcon;
				ASSETCATALOG_COMPILER_LAUNCHIMAGE_NAME = LaunchImage;
				GCC_PRECOMPILE_PREFIX_HEADER = YES;
				GCC_PREFIX_HEADER = "FlickrStream/FlickrStream-Prefix.pch";
				INFOPLIST_FILE = "FlickrStream/FlickrStream-Info.plist";
				PRODUCT_NAME = "$(TARGET_NAME)";
				WRAPPER_EXTENSION = app;
			};
			name = Release;
		};
		9EDD492E17F321410078F2D1 /* Debug */ = {
			isa = XCBuildConfiguration;
			buildSettings = {
				ARCHS = "$(ARCHS_STANDARD_INCLUDING_64_BIT)";
				BUNDLE_LOADER = "$(BUILT_PRODUCTS_DIR)/FlickrStream.app/FlickrStream";
				FRAMEWORK_SEARCH_PATHS = (
					"$(SDKROOT)/Developer/Library/Frameworks",
					"$(inherited)",
					"$(DEVELOPER_FRAMEWORKS_DIR)",
				);
				GCC_PRECOMPILE_PREFIX_HEADER = YES;
				GCC_PREFIX_HEADER = "FlickrStream/FlickrStream-Prefix.pch";
				GCC_PREPROCESSOR_DEFINITIONS = (
					"DEBUG=1",
					"$(inherited)",
				);
				INFOPLIST_FILE = "FlickrStreamTests/FlickrStreamTests-Info.plist";
				PRODUCT_NAME = "$(TARGET_NAME)";
				TEST_HOST = "$(BUNDLE_LOADER)";
				WRAPPER_EXTENSION = xctest;
			};
			name = Debug;
		};
		9EDD492F17F321410078F2D1 /* Release */ = {
			isa = XCBuildConfiguration;
			buildSettings = {
				ARCHS = "$(ARCHS_STANDARD_INCLUDING_64_BIT)";
				BUNDLE_LOADER = "$(BUILT_PRODUCTS_DIR)/FlickrStream.app/FlickrStream";
				FRAMEWORK_SEARCH_PATHS = (
					"$(SDKROOT)/Developer/Library/Frameworks",
					"$(inherited)",
					"$(DEVELOPER_FRAMEWORKS_DIR)",
				);
				GCC_PRECOMPILE_PREFIX_HEADER = YES;
				GCC_PREFIX_HEADER = "FlickrStream/FlickrStream-Prefix.pch";
				INFOPLIST_FILE = "FlickrStreamTests/FlickrStreamTests-Info.plist";
				PRODUCT_NAME = "$(TARGET_NAME)";
				TEST_HOST = "$(BUNDLE_LOADER)";
				WRAPPER_EXTENSION = xctest;
			};
			name = Release;
		};
/* End XCBuildConfiguration section */

/* Begin XCConfigurationList section */
		9EDD48F317F321410078F2D1 /* Build configuration list for PBXProject "FlickrStream" */ = {
			isa = XCConfigurationList;
			buildConfigurations = (
				9EDD492817F321410078F2D1 /* Debug */,
				9EDD492917F321410078F2D1 /* Release */,
			);
			defaultConfigurationIsVisible = 0;
			defaultConfigurationName = Release;
		};
		9EDD492A17F321410078F2D1 /* Build configuration list for PBXNativeTarget "FlickrStream" */ = {
			isa = XCConfigurationList;
			buildConfigurations = (
				9EDD492B17F321410078F2D1 /* Debug */,
				9EDD492C17F321410078F2D1 /* Release */,
			);
			defaultConfigurationIsVisible = 0;
		};
		9EDD492D17F321410078F2D1 /* Build configuration list for PBXNativeTarget "FlickrStreamTests" */ = {
			isa = XCConfigurationList;
			buildConfigurations = (
				9EDD492E17F321410078F2D1 /* Debug */,
				9EDD492F17F321410078F2D1 /* Release */,
			);
			defaultConfigurationIsVisible = 0;
		};
/* End XCConfigurationList section */
	};
	rootObject = 9EDD48F017F321410078F2D1 /* Project object */;
}
